// !$*UTF8*$!
{
	archiveVersion = 1;
	classes = {
	};
	objectVersion = 56;
	objects = {

/* Begin PBXBuildFile section */
		0D1326782A85612B00B1E886 /* CVPixelBufferHelpers.swift in Sources */ = {isa = PBXBuildFile; fileRef = 0D1326772A85612B00B1E886 /* CVPixelBufferHelpers.swift */; };
		0D152E9F2AB9FF2700FEB9CE /* HotkeysPreferencesView.swift in Sources */ = {isa = PBXBuildFile; fileRef = 0D152E9E2AB9FF2700FEB9CE /* HotkeysPreferencesView.swift */; };
		0D164A9A2A97E6EA003F2F7E /* VideoCaptureConfigurationView.swift in Sources */ = {isa = PBXBuildFile; fileRef = 0D164A992A97E6EA003F2F7E /* VideoCaptureConfigurationView.swift */; };
		0D164A9C2A97E783003F2F7E /* AudioConfigurationView.swift in Sources */ = {isa = PBXBuildFile; fileRef = 0D164A9B2A97E783003F2F7E /* AudioConfigurationView.swift */; };
		0D164A9E2A97E7C8003F2F7E /* EncoderConfigurationView.swift in Sources */ = {isa = PBXBuildFile; fileRef = 0D164A9D2A97E7C8003F2F7E /* EncoderConfigurationView.swift */; };
		0D164AA02A97E894003F2F7E /* OutputConfigurationView.swift in Sources */ = {isa = PBXBuildFile; fileRef = 0D164A9F2A97E894003F2F7E /* OutputConfigurationView.swift */; };
		0D164AA22A97E911003F2F7E /* AppControlsConfigurationView.swift in Sources */ = {isa = PBXBuildFile; fileRef = 0D164AA12A97E911003F2F7E /* AppControlsConfigurationView.swift */; };
		0D164AA62A97EB30003F2F7E /* ColorTabItem.swift in Sources */ = {isa = PBXBuildFile; fileRef = 0D164AA52A97EB30003F2F7E /* ColorTabItem.swift */; };
		0D164AA82A97EBDB003F2F7E /* KeyframesTabItem.swift in Sources */ = {isa = PBXBuildFile; fileRef = 0D164AA72A97EBDB003F2F7E /* KeyframesTabItem.swift */; };
		0D164AAA2A97EC32003F2F7E /* ReplayBufferTabItem.swift in Sources */ = {isa = PBXBuildFile; fileRef = 0D164AA92A97EC32003F2F7E /* ReplayBufferTabItem.swift */; };
		0D164AAF2A996C6E003F2F7E /* objective-c-xcode.yml in Resources */ = {isa = PBXBuildFile; fileRef = 0D164AAE2A996C6E003F2F7E /* objective-c-xcode.yml */; };
		0D164AB12A9AB15D003F2F7E /* ConfigurationSubViewModifier.swift in Sources */ = {isa = PBXBuildFile; fileRef = 0D164AB02A9AB15D003F2F7E /* ConfigurationSubViewModifier.swift */; };
		0D3065CA2A94667E00247474 /* TestPatternView.swift in Sources */ = {isa = PBXBuildFile; fileRef = 0D3065C92A94667E00247474 /* TestPatternView.swift */; };
		0D3065CC2A9466A600247474 /* Renderer.swift in Sources */ = {isa = PBXBuildFile; fileRef = 0D3065CB2A9466A600247474 /* Renderer.swift */; };
		0D3065CE2A9466BC00247474 /* ViewRepresentable.swift in Sources */ = {isa = PBXBuildFile; fileRef = 0D3065CD2A9466BC00247474 /* ViewRepresentable.swift */; };
		0D3065D02A9466D400247474 /* MetalView.swift in Sources */ = {isa = PBXBuildFile; fileRef = 0D3065CF2A9466D400247474 /* MetalView.swift */; };
		0D3065D32A946C8200247474 /* ReplayBuffer.swift in Sources */ = {isa = PBXBuildFile; fileRef = 0D3065D22A946C8200247474 /* ReplayBuffer.swift */; };
		0D368B1D2A6CEC2600DA288D /* Encoder.swift in Sources */ = {isa = PBXBuildFile; fileRef = 0D368B1C2A6CEC2600DA288D /* Encoder.swift */; };
		0D368B1F2A6CED2F00DA288D /* EncoderOptions.swift in Sources */ = {isa = PBXBuildFile; fileRef = 0D368B1E2A6CED2F00DA288D /* EncoderOptions.swift */; };
		0D368B212A6CF6BA00DA288D /* VideoSink.swift in Sources */ = {isa = PBXBuildFile; fileRef = 0D368B202A6CF6BA00DA288D /* VideoSink.swift */; };
		0D4875402A81A20800F6D832 /* Enums.swift in Sources */ = {isa = PBXBuildFile; fileRef = 0D48753F2A81A20800F6D832 /* Enums.swift */; };
		0D52D73F2AB9283F0091AD97 /* EventTap.swift in Sources */ = {isa = PBXBuildFile; fileRef = 0D52D73E2AB9283F0091AD97 /* EventTap.swift */; };
		0D5C529C2AD60B8E00D11280 /* Logging.swift in Sources */ = {isa = PBXBuildFile; fileRef = 0D5C529B2AD60B8E00D11280 /* Logging.swift */; };
		0D6933012B34B1850019368E /* RecordCameraExtensionProvider.swift in Sources */ = {isa = PBXBuildFile; fileRef = 0D6933002B34B1850019368E /* RecordCameraExtensionProvider.swift */; };
		0D6933032B34B1850019368E /* main.swift in Sources */ = {isa = PBXBuildFile; fileRef = 0D6933022B34B1850019368E /* main.swift */; };
		0D6933082B34B1850019368E /* com.jcm.Record.RecordCameraExtension.systemextension in Embed System Extensions */ = {isa = PBXBuildFile; fileRef = 0D6932FE2B34B1850019368E /* com.jcm.Record.RecordCameraExtension.systemextension */; settings = {ATTRIBUTES = (RemoveHeadersOnCopy, ); }; };
		0D6933B02B35322B0019368E /* RecordCameraExtensionSink.swift in Sources */ = {isa = PBXBuildFile; fileRef = 0D6933AF2B35322B0019368E /* RecordCameraExtensionSink.swift */; };
		0D6933B22B3688FD0019368E /* RecordCameraStreamSink.swift in Sources */ = {isa = PBXBuildFile; fileRef = 0D6933B12B3688FD0019368E /* RecordCameraStreamSink.swift */; };
		0D85BC012B5E30B400EC424B /* CaptureConfigurationOverlay.swift in Sources */ = {isa = PBXBuildFile; fileRef = 0D85BC002B5E30B400EC424B /* CaptureConfigurationOverlay.swift */; };
		0DE5C82F2A95EDC60054AC23 /* PickerView.swift in Sources */ = {isa = PBXBuildFile; fileRef = 0DE5C82E2A95EDC60054AC23 /* PickerView.swift */; };
		C470F0812811C5CB00D29309 /* ScreenRecorder.swift in Sources */ = {isa = PBXBuildFile; fileRef = C470F0802811C5CB00D29309 /* ScreenRecorder.swift */; };
		C471DFFB2809F440001D24C9 /* PowerMeter.swift in Sources */ = {isa = PBXBuildFile; fileRef = C471DFF92809F440001D24C9 /* PowerMeter.swift */; };
		C471DFFE280A0968001D24C9 /* AudioLevelsView.swift in Sources */ = {isa = PBXBuildFile; fileRef = C471DFFD280A0968001D24C9 /* AudioLevelsView.swift */; };
		C4729DA52821BFAD00AAC477 /* MaterialView.swift in Sources */ = {isa = PBXBuildFile; fileRef = C4729DA42821BFAD00AAC477 /* MaterialView.swift */; };
		C4B0DAAF276BA4480015082A /* Assets.xcassets in Resources */ = {isa = PBXBuildFile; fileRef = C4B0DAAE276BA4480015082A /* Assets.xcassets */; };
		C4B0DAB2276BA4480015082A /* Preview Assets.xcassets in Resources */ = {isa = PBXBuildFile; fileRef = C4B0DAB1276BA4480015082A /* Preview Assets.xcassets */; };
		C4B0DABA276BA49F0015082A /* CaptureSampleApp.swift in Sources */ = {isa = PBXBuildFile; fileRef = C4B0DAB9276BA49F0015082A /* CaptureSampleApp.swift */; };
		C4B0DABE276BA4B50015082A /* ContentView.swift in Sources */ = {isa = PBXBuildFile; fileRef = C4B0DABB276BA4B50015082A /* ContentView.swift */; };
		C4B0DABF276BA4B50015082A /* CapturePreview.swift in Sources */ = {isa = PBXBuildFile; fileRef = C4B0DABC276BA4B50015082A /* CapturePreview.swift */; };
		C4B0DAC0276BA4B50015082A /* CaptureEngine.swift in Sources */ = {isa = PBXBuildFile; fileRef = C4B0DABD276BA4B50015082A /* CaptureEngine.swift */; };
		C4EB90D428108656006A595C /* ConfigurationView.swift in Sources */ = {isa = PBXBuildFile; fileRef = C4EB90D328108656006A595C /* ConfigurationView.swift */; };
/* End PBXBuildFile section */

/* Begin PBXContainerItemProxy section */
		0D6933062B34B1850019368E /* PBXContainerItemProxy */ = {
			isa = PBXContainerItemProxy;
			containerPortal = C4B0DA9F276BA4460015082A /* Project object */;
			proxyType = 1;
			remoteGlobalIDString = 0D6932FD2B34B1850019368E;
			remoteInfo = RecordCameraExtension;
		};
/* End PBXContainerItemProxy section */

/* Begin PBXCopyFilesBuildPhase section */
		0DBF97E42AEB29CF00D21A33 /* Embed System Extensions */ = {
			isa = PBXCopyFilesBuildPhase;
			buildActionMask = 2147483647;
			dstPath = "$(SYSTEM_EXTENSIONS_FOLDER_PATH)";
			dstSubfolderSpec = 16;
			files = (
				0D6933082B34B1850019368E /* com.jcm.Record.RecordCameraExtension.systemextension in Embed System Extensions */,
			);
			name = "Embed System Extensions";
			runOnlyForDeploymentPostprocessing = 0;
		};
/* End PBXCopyFilesBuildPhase section */

/* Begin PBXFileReference section */
		0D1326772A85612B00B1E886 /* CVPixelBufferHelpers.swift */ = {isa = PBXFileReference; fileEncoding = 4; lastKnownFileType = sourcecode.swift; path = CVPixelBufferHelpers.swift; sourceTree = "<group>"; };
		0D152E9E2AB9FF2700FEB9CE /* HotkeysPreferencesView.swift */ = {isa = PBXFileReference; lastKnownFileType = sourcecode.swift; path = HotkeysPreferencesView.swift; sourceTree = "<group>"; };
		0D164A992A97E6EA003F2F7E /* VideoCaptureConfigurationView.swift */ = {isa = PBXFileReference; lastKnownFileType = sourcecode.swift; path = VideoCaptureConfigurationView.swift; sourceTree = "<group>"; };
		0D164A9B2A97E783003F2F7E /* AudioConfigurationView.swift */ = {isa = PBXFileReference; lastKnownFileType = sourcecode.swift; path = AudioConfigurationView.swift; sourceTree = "<group>"; };
		0D164A9D2A97E7C8003F2F7E /* EncoderConfigurationView.swift */ = {isa = PBXFileReference; lastKnownFileType = sourcecode.swift; path = EncoderConfigurationView.swift; sourceTree = "<group>"; };
		0D164A9F2A97E894003F2F7E /* OutputConfigurationView.swift */ = {isa = PBXFileReference; lastKnownFileType = sourcecode.swift; path = OutputConfigurationView.swift; sourceTree = "<group>"; };
		0D164AA12A97E911003F2F7E /* AppControlsConfigurationView.swift */ = {isa = PBXFileReference; lastKnownFileType = sourcecode.swift; path = AppControlsConfigurationView.swift; sourceTree = "<group>"; };
		0D164AA52A97EB30003F2F7E /* ColorTabItem.swift */ = {isa = PBXFileReference; lastKnownFileType = sourcecode.swift; path = ColorTabItem.swift; sourceTree = "<group>"; };
		0D164AA72A97EBDB003F2F7E /* KeyframesTabItem.swift */ = {isa = PBXFileReference; lastKnownFileType = sourcecode.swift; path = KeyframesTabItem.swift; sourceTree = "<group>"; };
		0D164AA92A97EC32003F2F7E /* ReplayBufferTabItem.swift */ = {isa = PBXFileReference; lastKnownFileType = sourcecode.swift; path = ReplayBufferTabItem.swift; sourceTree = "<group>"; };
		0D164AAE2A996C6E003F2F7E /* objective-c-xcode.yml */ = {isa = PBXFileReference; fileEncoding = 4; lastKnownFileType = text.yaml; name = "objective-c-xcode.yml"; path = ".github/workflows/objective-c-xcode.yml"; sourceTree = "<group>"; };
		0D164AB02A9AB15D003F2F7E /* ConfigurationSubViewModifier.swift */ = {isa = PBXFileReference; lastKnownFileType = sourcecode.swift; path = ConfigurationSubViewModifier.swift; sourceTree = "<group>"; };
		0D3065C92A94667E00247474 /* TestPatternView.swift */ = {isa = PBXFileReference; lastKnownFileType = sourcecode.swift; path = TestPatternView.swift; sourceTree = "<group>"; };
		0D3065CB2A9466A600247474 /* Renderer.swift */ = {isa = PBXFileReference; lastKnownFileType = sourcecode.swift; path = Renderer.swift; sourceTree = "<group>"; };
		0D3065CD2A9466BC00247474 /* ViewRepresentable.swift */ = {isa = PBXFileReference; lastKnownFileType = sourcecode.swift; path = ViewRepresentable.swift; sourceTree = "<group>"; };
		0D3065CF2A9466D400247474 /* MetalView.swift */ = {isa = PBXFileReference; lastKnownFileType = sourcecode.swift; path = MetalView.swift; sourceTree = "<group>"; };
		0D3065D22A946C8200247474 /* ReplayBuffer.swift */ = {isa = PBXFileReference; lastKnownFileType = sourcecode.swift; path = ReplayBuffer.swift; sourceTree = "<group>"; };
		0D368B1C2A6CEC2600DA288D /* Encoder.swift */ = {isa = PBXFileReference; lastKnownFileType = sourcecode.swift; path = Encoder.swift; sourceTree = "<group>"; };
		0D368B1E2A6CED2F00DA288D /* EncoderOptions.swift */ = {isa = PBXFileReference; lastKnownFileType = sourcecode.swift; path = EncoderOptions.swift; sourceTree = "<group>"; };
		0D368B202A6CF6BA00DA288D /* VideoSink.swift */ = {isa = PBXFileReference; lastKnownFileType = sourcecode.swift; path = VideoSink.swift; sourceTree = "<group>"; };
		0D48753F2A81A20800F6D832 /* Enums.swift */ = {isa = PBXFileReference; fileEncoding = 4; lastKnownFileType = sourcecode.swift; path = Enums.swift; sourceTree = "<group>"; };
		0D52D73E2AB9283F0091AD97 /* EventTap.swift */ = {isa = PBXFileReference; lastKnownFileType = sourcecode.swift; path = EventTap.swift; sourceTree = "<group>"; };
		0D5C529B2AD60B8E00D11280 /* Logging.swift */ = {isa = PBXFileReference; lastKnownFileType = sourcecode.swift; path = Logging.swift; sourceTree = "<group>"; };
		0D64B0E62B1699E200A8CAFE /* Record-Info.plist */ = {isa = PBXFileReference; lastKnownFileType = text.plist; path = "Record-Info.plist"; sourceTree = "<group>"; };
		0D6932FE2B34B1850019368E /* com.jcm.Record.RecordCameraExtension.systemextension */ = {isa = PBXFileReference; explicitFileType = "wrapper.system-extension"; includeInIndex = 0; path = com.jcm.Record.RecordCameraExtension.systemextension; sourceTree = BUILT_PRODUCTS_DIR; };
		0D6933002B34B1850019368E /* RecordCameraExtensionProvider.swift */ = {isa = PBXFileReference; lastKnownFileType = sourcecode.swift; path = RecordCameraExtensionProvider.swift; sourceTree = "<group>"; };
		0D6933022B34B1850019368E /* main.swift */ = {isa = PBXFileReference; lastKnownFileType = sourcecode.swift; path = main.swift; sourceTree = "<group>"; };
		0D6933042B34B1850019368E /* Info.plist */ = {isa = PBXFileReference; lastKnownFileType = text.plist.xml; path = Info.plist; sourceTree = "<group>"; };
		0D6933052B34B1850019368E /* RecordCameraExtension.entitlements */ = {isa = PBXFileReference; lastKnownFileType = text.plist.entitlements; path = RecordCameraExtension.entitlements; sourceTree = "<group>"; };
		0D6933AF2B35322B0019368E /* RecordCameraExtensionSink.swift */ = {isa = PBXFileReference; lastKnownFileType = sourcecode.swift; path = RecordCameraExtensionSink.swift; sourceTree = "<group>"; };
		0D6933B12B3688FD0019368E /* RecordCameraStreamSink.swift */ = {isa = PBXFileReference; lastKnownFileType = sourcecode.swift; path = RecordCameraStreamSink.swift; sourceTree = "<group>"; };
		0D85BC002B5E30B400EC424B /* CaptureConfigurationOverlay.swift */ = {isa = PBXFileReference; lastKnownFileType = sourcecode.swift; path = CaptureConfigurationOverlay.swift; sourceTree = "<group>"; };
		0DE5C82E2A95EDC60054AC23 /* PickerView.swift */ = {isa = PBXFileReference; lastKnownFileType = sourcecode.swift; path = PickerView.swift; sourceTree = "<group>"; };
		0DF11FDD2A6ECBA500B45306 /* README.md */ = {isa = PBXFileReference; fileEncoding = 4; lastKnownFileType = net.daringfireball.markdown; path = README.md; sourceTree = "<group>"; xcLanguageSpecificationIdentifier = xcode.lang.markdown; };
		7C6C99F1D4B6E3EBA3A7B7DF /* LICENSE.txt */ = {isa = PBXFileReference; includeInIndex = 1; lastKnownFileType = text; path = LICENSE.txt; sourceTree = "<group>"; };
		C470F0802811C5CB00D29309 /* ScreenRecorder.swift */ = {isa = PBXFileReference; lastKnownFileType = sourcecode.swift; path = ScreenRecorder.swift; sourceTree = "<group>"; };
		C471DFF92809F440001D24C9 /* PowerMeter.swift */ = {isa = PBXFileReference; lastKnownFileType = sourcecode.swift; path = PowerMeter.swift; sourceTree = "<group>"; };
		C471DFFD280A0968001D24C9 /* AudioLevelsView.swift */ = {isa = PBXFileReference; lastKnownFileType = sourcecode.swift; path = AudioLevelsView.swift; sourceTree = "<group>"; };
		C4729DA42821BFAD00AAC477 /* MaterialView.swift */ = {isa = PBXFileReference; fileEncoding = 4; lastKnownFileType = sourcecode.swift; path = MaterialView.swift; sourceTree = "<group>"; };
		C4B0DAA7276BA4460015082A /* Record.app */ = {isa = PBXFileReference; explicitFileType = wrapper.application; includeInIndex = 0; path = Record.app; sourceTree = BUILT_PRODUCTS_DIR; };
		C4B0DAAE276BA4480015082A /* Assets.xcassets */ = {isa = PBXFileReference; lastKnownFileType = folder.assetcatalog; name = Assets.xcassets; path = ../CaptureSample/Assets.xcassets; sourceTree = "<group>"; };
		C4B0DAB1276BA4480015082A /* Preview Assets.xcassets */ = {isa = PBXFileReference; lastKnownFileType = folder.assetcatalog; path = "Preview Assets.xcassets"; sourceTree = "<group>"; };
		C4B0DAB3276BA4480015082A /* CaptureSample.entitlements */ = {isa = PBXFileReference; lastKnownFileType = text.plist.entitlements; name = CaptureSample.entitlements; path = ../CaptureSample/CaptureSample.entitlements; sourceTree = "<group>"; };
		C4B0DAB9276BA49F0015082A /* CaptureSampleApp.swift */ = {isa = PBXFileReference; fileEncoding = 4; lastKnownFileType = sourcecode.swift; name = CaptureSampleApp.swift; path = ../CaptureSample/CaptureSampleApp.swift; sourceTree = "<group>"; };
		C4B0DABB276BA4B50015082A /* ContentView.swift */ = {isa = PBXFileReference; fileEncoding = 4; lastKnownFileType = sourcecode.swift; path = ContentView.swift; sourceTree = "<group>"; };
		C4B0DABC276BA4B50015082A /* CapturePreview.swift */ = {isa = PBXFileReference; fileEncoding = 4; lastKnownFileType = sourcecode.swift; path = CapturePreview.swift; sourceTree = "<group>"; };
		C4B0DABD276BA4B50015082A /* CaptureEngine.swift */ = {isa = PBXFileReference; fileEncoding = 4; lastKnownFileType = sourcecode.swift; path = CaptureEngine.swift; sourceTree = "<group>"; };
		C4EB90D328108656006A595C /* ConfigurationView.swift */ = {isa = PBXFileReference; lastKnownFileType = sourcecode.swift; path = ConfigurationView.swift; sourceTree = "<group>"; };
/* End PBXFileReference section */

/* Begin PBXFrameworksBuildPhase section */
		0D6932FB2B34B1850019368E /* Frameworks */ = {
			isa = PBXFrameworksBuildPhase;
			buildActionMask = 2147483647;
			files = (
			);
			runOnlyForDeploymentPostprocessing = 0;
		};
		C4B0DAA4276BA4460015082A /* Frameworks */ = {
			isa = PBXFrameworksBuildPhase;
			buildActionMask = 2147483647;
			files = (
			);
			runOnlyForDeploymentPostprocessing = 0;
		};
/* End PBXFrameworksBuildPhase section */

/* Begin PBXGroup section */
		0D164AA32A97EACB003F2F7E /* Configuration View */ = {
			isa = PBXGroup;
			children = (
				C4EB90D328108656006A595C /* ConfigurationView.swift */,
				0D164AB02A9AB15D003F2F7E /* ConfigurationSubViewModifier.swift */,
				0D164A992A97E6EA003F2F7E /* VideoCaptureConfigurationView.swift */,
				0D164A9B2A97E783003F2F7E /* AudioConfigurationView.swift */,
				0D164AA42A97EAE2003F2F7E /* Encoder Configuration View */,
				0D164A9F2A97E894003F2F7E /* OutputConfigurationView.swift */,
				0D164AA12A97E911003F2F7E /* AppControlsConfigurationView.swift */,
			);
			path = "Configuration View";
			sourceTree = "<group>";
		};
		0D164AA42A97EAE2003F2F7E /* Encoder Configuration View */ = {
			isa = PBXGroup;
			children = (
				0D164A9D2A97E7C8003F2F7E /* EncoderConfigurationView.swift */,
				0D164AA92A97EC32003F2F7E /* ReplayBufferTabItem.swift */,
				0D164AA52A97EB30003F2F7E /* ColorTabItem.swift */,
				0D164AA72A97EBDB003F2F7E /* KeyframesTabItem.swift */,
			);
			path = "Encoder Configuration View";
			sourceTree = "<group>";
		};
		0D3065D12A946B4100247474 /* Test Pattern */ = {
			isa = PBXGroup;
			children = (
				0D3065C92A94667E00247474 /* TestPatternView.swift */,
				0D3065CB2A9466A600247474 /* Renderer.swift */,
				0D3065CD2A9466BC00247474 /* ViewRepresentable.swift */,
				0D3065CF2A9466D400247474 /* MetalView.swift */,
			);
			path = "Test Pattern";
			sourceTree = "<group>";
		};
		0D6932FF2B34B1850019368E /* RecordCameraExtension */ = {
			isa = PBXGroup;
			children = (
				0D6933002B34B1850019368E /* RecordCameraExtensionProvider.swift */,
				0D6933AF2B35322B0019368E /* RecordCameraExtensionSink.swift */,
				0D6933022B34B1850019368E /* main.swift */,
				0D6933042B34B1850019368E /* Info.plist */,
				0D6933052B34B1850019368E /* RecordCameraExtension.entitlements */,
			);
			path = RecordCameraExtension;
			sourceTree = "<group>";
		};
		58C6EBE29CE5FC0542EA3228 /* LICENSE */ = {
			isa = PBXGroup;
			children = (
				7C6C99F1D4B6E3EBA3A7B7DF /* LICENSE.txt */,
			);
			path = LICENSE;
			sourceTree = "<group>";
		};
		C41D1B1D2814BD230033613F /* Views */ = {
			isa = PBXGroup;
			children = (
				0D152E9E2AB9FF2700FEB9CE /* HotkeysPreferencesView.swift */,
				0DE5C82E2A95EDC60054AC23 /* PickerView.swift */,
				C4B0DABB276BA4B50015082A /* ContentView.swift */,
				0D85BC002B5E30B400EC424B /* CaptureConfigurationOverlay.swift */,
				C4B0DABC276BA4B50015082A /* CapturePreview.swift */,
				0D164AA32A97EACB003F2F7E /* Configuration View */,
				C471DFFD280A0968001D24C9 /* AudioLevelsView.swift */,
				C4729DA42821BFAD00AAC477 /* MaterialView.swift */,
			);
			path = Views;
			sourceTree = "<group>";
		};
		C4B0DA9E276BA4460015082A = {
			isa = PBXGroup;
			children = (
				0D64B0E62B1699E200A8CAFE /* Record-Info.plist */,
				0D164AAE2A996C6E003F2F7E /* objective-c-xcode.yml */,
				0DF11FDD2A6ECBA500B45306 /* README.md */,
				C4B0DAA9276BA4460015082A /* CaptureSample */,
				0D6932FF2B34B1850019368E /* RecordCameraExtension */,
				C4B0DAA8276BA4460015082A /* Products */,
				CFC39354E2BF335FE5D2CDFE /* Configuration */,
				58C6EBE29CE5FC0542EA3228 /* LICENSE */,
			);
			sourceTree = "<group>";
		};
		C4B0DAA8276BA4460015082A /* Products */ = {
			isa = PBXGroup;
			children = (
				C4B0DAA7276BA4460015082A /* Record.app */,
				0D6932FE2B34B1850019368E /* com.jcm.Record.RecordCameraExtension.systemextension */,
			);
			name = Products;
			sourceTree = "<group>";
		};
		C4B0DAA9276BA4460015082A /* CaptureSample */ = {
			isa = PBXGroup;
			children = (
				0D6933B12B3688FD0019368E /* RecordCameraStreamSink.swift */,
				C470F0802811C5CB00D29309 /* ScreenRecorder.swift */,
				0D48753F2A81A20800F6D832 /* Enums.swift */,
				0D1326772A85612B00B1E886 /* CVPixelBufferHelpers.swift */,
				0D368B1C2A6CEC2600DA288D /* Encoder.swift */,
				0D368B202A6CF6BA00DA288D /* VideoSink.swift */,
				0D3065D22A946C8200247474 /* ReplayBuffer.swift */,
				0D368B1E2A6CED2F00DA288D /* EncoderOptions.swift */,
				C4B0DABD276BA4B50015082A /* CaptureEngine.swift */,
				C471DFF92809F440001D24C9 /* PowerMeter.swift */,
				0D3065D12A946B4100247474 /* Test Pattern */,
				C41D1B1D2814BD230033613F /* Views */,
				C4B0DAB9276BA49F0015082A /* CaptureSampleApp.swift */,
				0D5C529B2AD60B8E00D11280 /* Logging.swift */,
				0D52D73E2AB9283F0091AD97 /* EventTap.swift */,
				C4B0DAAE276BA4480015082A /* Assets.xcassets */,
				C4B0DAB3276BA4480015082A /* CaptureSample.entitlements */,
				C4B0DAB0276BA4480015082A /* Preview Content */,
			);
			path = CaptureSample;
			sourceTree = "<group>";
		};
		C4B0DAB0276BA4480015082A /* Preview Content */ = {
			isa = PBXGroup;
			children = (
				C4B0DAB1276BA4480015082A /* Preview Assets.xcassets */,
			);
			path = "Preview Content";
			sourceTree = "<group>";
		};
		CFC39354E2BF335FE5D2CDFE /* Configuration */ = {
			isa = PBXGroup;
			children = (
			);
			name = Configuration;
			sourceTree = "<group>";
		};
/* End PBXGroup section */

/* Begin PBXNativeTarget section */
		0D6932FD2B34B1850019368E /* RecordCameraExtension */ = {
			isa = PBXNativeTarget;
			buildConfigurationList = 0D69330B2B34B1850019368E /* Build configuration list for PBXNativeTarget "RecordCameraExtension" */;
			buildPhases = (
				0D6932FA2B34B1850019368E /* Sources */,
				0D6932FB2B34B1850019368E /* Frameworks */,
				0D6932FC2B34B1850019368E /* Resources */,
			);
			buildRules = (
			);
			dependencies = (
			);
			name = RecordCameraExtension;
			productName = RecordCameraExtension;
			productReference = 0D6932FE2B34B1850019368E /* com.jcm.Record.RecordCameraExtension.systemextension */;
			productType = "com.apple.product-type.system-extension";
		};
		C4B0DAA6276BA4460015082A /* Record */ = {
			isa = PBXNativeTarget;
			buildConfigurationList = C4B0DAB6276BA4480015082A /* Build configuration list for PBXNativeTarget "Record" */;
			buildPhases = (
				C4B0DAA3276BA4460015082A /* Sources */,
				C4B0DAA4276BA4460015082A /* Frameworks */,
				C4B0DAA5276BA4460015082A /* Resources */,
				0DBF97E42AEB29CF00D21A33 /* Embed System Extensions */,
			);
			buildRules = (
			);
			dependencies = (
				0D6933072B34B1850019368E /* PBXTargetDependency */,
			);
			name = Record;
			packageProductDependencies = (
			);
			productName = CaptureIt;
			productReference = C4B0DAA7276BA4460015082A /* Record.app */;
			productType = "com.apple.product-type.application";
		};
/* End PBXNativeTarget section */

/* Begin PBXProject section */
		C4B0DA9F276BA4460015082A /* Project object */ = {
			isa = PBXProject;
			attributes = {
				BuildIndependentTargetsInParallel = 1;
				DefaultBuildSystemTypeForWorkspace = Latest;
				LastSwiftUpdateCheck = 1510;
				LastUpgradeCheck = 1500;
				ORGANIZATIONNAME = jcm;
				TargetAttributes = {
					0D6932FD2B34B1850019368E = {
						CreatedOnToolsVersion = 15.1;
					};
					C4B0DAA6276BA4460015082A = {
						CreatedOnToolsVersion = 13.3;
						LastSwiftMigration = 1330;
					};
				};
			};
			buildConfigurationList = C4B0DAA2276BA4460015082A /* Build configuration list for PBXProject "Record" */;
			compatibilityVersion = "Xcode 14.0";
			developmentRegion = en;
			hasScannedForEncodings = 0;
			knownRegions = (
				en,
				Base,
			);
			mainGroup = C4B0DA9E276BA4460015082A;
			packageReferences = (
			);
			productRefGroup = C4B0DAA8276BA4460015082A /* Products */;
			projectDirPath = "";
			projectRoot = "";
			targets = (
				C4B0DAA6276BA4460015082A /* Record */,
				0D6932FD2B34B1850019368E /* RecordCameraExtension */,
			);
		};
/* End PBXProject section */

/* Begin PBXResourcesBuildPhase section */
		0D6932FC2B34B1850019368E /* Resources */ = {
			isa = PBXResourcesBuildPhase;
			buildActionMask = 2147483647;
			files = (
			);
			runOnlyForDeploymentPostprocessing = 0;
		};
		C4B0DAA5276BA4460015082A /* Resources */ = {
			isa = PBXResourcesBuildPhase;
			buildActionMask = 2147483647;
			files = (
				C4B0DAB2276BA4480015082A /* Preview Assets.xcassets in Resources */,
				C4B0DAAF276BA4480015082A /* Assets.xcassets in Resources */,
				0D164AAF2A996C6E003F2F7E /* objective-c-xcode.yml in Resources */,
			);
			runOnlyForDeploymentPostprocessing = 0;
		};
/* End PBXResourcesBuildPhase section */

/* Begin PBXSourcesBuildPhase section */
		0D6932FA2B34B1850019368E /* Sources */ = {
			isa = PBXSourcesBuildPhase;
			buildActionMask = 2147483647;
			files = (
				0D6933032B34B1850019368E /* main.swift in Sources */,
				0D6933B02B35322B0019368E /* RecordCameraExtensionSink.swift in Sources */,
				0D6933012B34B1850019368E /* RecordCameraExtensionProvider.swift in Sources */,
			);
			runOnlyForDeploymentPostprocessing = 0;
		};
		C4B0DAA3276BA4460015082A /* Sources */ = {
			isa = PBXSourcesBuildPhase;
			buildActionMask = 2147483647;
			files = (
				C4B0DABF276BA4B50015082A /* CapturePreview.swift in Sources */,
				C4B0DAC0276BA4B50015082A /* CaptureEngine.swift in Sources */,
				0D164AB12A9AB15D003F2F7E /* ConfigurationSubViewModifier.swift in Sources */,
				0D164A9E2A97E7C8003F2F7E /* EncoderConfigurationView.swift in Sources */,
				C470F0812811C5CB00D29309 /* ScreenRecorder.swift in Sources */,
				C4B0DABA276BA49F0015082A /* CaptureSampleApp.swift in Sources */,
				C471DFFE280A0968001D24C9 /* AudioLevelsView.swift in Sources */,
				C4EB90D428108656006A595C /* ConfigurationView.swift in Sources */,
				0D4875402A81A20800F6D832 /* Enums.swift in Sources */,
				0D3065CE2A9466BC00247474 /* ViewRepresentable.swift in Sources */,
				C4729DA52821BFAD00AAC477 /* MaterialView.swift in Sources */,
				0D164AA22A97E911003F2F7E /* AppControlsConfigurationView.swift in Sources */,
				C4B0DABE276BA4B50015082A /* ContentView.swift in Sources */,
				0D368B1D2A6CEC2600DA288D /* Encoder.swift in Sources */,
				0D3065D02A9466D400247474 /* MetalView.swift in Sources */,
				0D5C529C2AD60B8E00D11280 /* Logging.swift in Sources */,
				0D52D73F2AB9283F0091AD97 /* EventTap.swift in Sources */,
				C471DFFB2809F440001D24C9 /* PowerMeter.swift in Sources */,
				0D164A9A2A97E6EA003F2F7E /* VideoCaptureConfigurationView.swift in Sources */,
				0D368B212A6CF6BA00DA288D /* VideoSink.swift in Sources */,
				0D3065D32A946C8200247474 /* ReplayBuffer.swift in Sources */,
				0DE5C82F2A95EDC60054AC23 /* PickerView.swift in Sources */,
				0D1326782A85612B00B1E886 /* CVPixelBufferHelpers.swift in Sources */,
				0D3065CA2A94667E00247474 /* TestPatternView.swift in Sources */,
				0D164AA62A97EB30003F2F7E /* ColorTabItem.swift in Sources */,
				0D164A9C2A97E783003F2F7E /* AudioConfigurationView.swift in Sources */,
				0D85BC012B5E30B400EC424B /* CaptureConfigurationOverlay.swift in Sources */,
				0D152E9F2AB9FF2700FEB9CE /* HotkeysPreferencesView.swift in Sources */,
				0D164AA02A97E894003F2F7E /* OutputConfigurationView.swift in Sources */,
				0D164AAA2A97EC32003F2F7E /* ReplayBufferTabItem.swift in Sources */,
				0D6933B22B3688FD0019368E /* RecordCameraStreamSink.swift in Sources */,
				0D368B1F2A6CED2F00DA288D /* EncoderOptions.swift in Sources */,
				0D3065CC2A9466A600247474 /* Renderer.swift in Sources */,
				0D164AA82A97EBDB003F2F7E /* KeyframesTabItem.swift in Sources */,
			);
			runOnlyForDeploymentPostprocessing = 0;
		};
/* End PBXSourcesBuildPhase section */

/* Begin PBXTargetDependency section */
		0D6933072B34B1850019368E /* PBXTargetDependency */ = {
			isa = PBXTargetDependency;
			target = 0D6932FD2B34B1850019368E /* RecordCameraExtension */;
			targetProxy = 0D6933062B34B1850019368E /* PBXContainerItemProxy */;
		};
/* End PBXTargetDependency section */

/* Begin XCBuildConfiguration section */
		0D6933092B34B1850019368E /* Debug */ = {
			isa = XCBuildConfiguration;
			buildSettings = {
				ASSETCATALOG_COMPILER_GENERATE_SWIFT_ASSET_SYMBOL_EXTENSIONS = YES;
				CLANG_CXX_LANGUAGE_STANDARD = "gnu++20";
				CODE_SIGN_ENTITLEMENTS = RecordCameraExtension/RecordCameraExtension.entitlements;
				CODE_SIGN_IDENTITY = "Apple Development";
				CODE_SIGN_STYLE = Automatic;
				CURRENT_PROJECT_VERSION = 1;
				DEVELOPMENT_TEAM = 6E383BMF5Y;
				ENABLE_HARDENED_RUNTIME = YES;
				GCC_C_LANGUAGE_STANDARD = gnu17;
				GENERATE_INFOPLIST_FILE = YES;
				INFOPLIST_FILE = RecordCameraExtension/Info.plist;
				INFOPLIST_KEY_CFBundleDisplayName = RecordCameraExtension;
				INFOPLIST_KEY_NSHumanReadableCopyright = "Copyright © 2023 jcm. All rights reserved.";
				LD_RUNPATH_SEARCH_PATHS = (
					"$(inherited)",
					"@executable_path/../Frameworks",
					"@executable_path/../../../../Frameworks",
				);
				LOCALIZATION_PREFERS_STRING_CATALOGS = YES;
				MACOSX_DEPLOYMENT_TARGET = 13.0;
				MARKETING_VERSION = 1.0;
				PRODUCT_BUNDLE_IDENTIFIER = com.jcm.Record.RecordCameraExtension;
				PRODUCT_NAME = "$(inherited)";
				SKIP_INSTALL = YES;
				SWIFT_ACTIVE_COMPILATION_CONDITIONS = "DEBUG $(inherited)";
				SWIFT_EMIT_LOC_STRINGS = YES;
				SWIFT_VERSION = 5.0;
			};
			name = Debug;
		};
		0D69330A2B34B1850019368E /* Release */ = {
			isa = XCBuildConfiguration;
			buildSettings = {
				ASSETCATALOG_COMPILER_GENERATE_SWIFT_ASSET_SYMBOL_EXTENSIONS = YES;
				CLANG_CXX_LANGUAGE_STANDARD = "gnu++20";
				CODE_SIGN_ENTITLEMENTS = RecordCameraExtension/RecordCameraExtension.entitlements;
				CODE_SIGN_IDENTITY = "Apple Development";
				CODE_SIGN_STYLE = Automatic;
				CURRENT_PROJECT_VERSION = 1;
				DEVELOPMENT_TEAM = 6E383BMF5Y;
				ENABLE_HARDENED_RUNTIME = YES;
				GCC_C_LANGUAGE_STANDARD = gnu17;
				GENERATE_INFOPLIST_FILE = YES;
				INFOPLIST_FILE = RecordCameraExtension/Info.plist;
				INFOPLIST_KEY_CFBundleDisplayName = RecordCameraExtension;
				INFOPLIST_KEY_NSHumanReadableCopyright = "Copyright © 2023 jcm. All rights reserved.";
				LD_RUNPATH_SEARCH_PATHS = (
					"$(inherited)",
					"@executable_path/../Frameworks",
					"@executable_path/../../../../Frameworks",
				);
				LOCALIZATION_PREFERS_STRING_CATALOGS = YES;
				MACOSX_DEPLOYMENT_TARGET = 13.0;
				MARKETING_VERSION = 1.0;
				PRODUCT_BUNDLE_IDENTIFIER = com.jcm.Record.RecordCameraExtension;
				PRODUCT_NAME = "$(inherited)";
				SKIP_INSTALL = YES;
				SWIFT_EMIT_LOC_STRINGS = YES;
				SWIFT_VERSION = 5.0;
			};
			name = Release;
		};
		C4B0DAB4276BA4480015082A /* Debug */ = {
			isa = XCBuildConfiguration;
			buildSettings = {
				ALWAYS_SEARCH_USER_PATHS = NO;
				CLANG_ANALYZER_NONNULL = YES;
				CLANG_ANALYZER_NUMBER_OBJECT_CONVERSION = YES_AGGRESSIVE;
				CLANG_CXX_LANGUAGE_STANDARD = "gnu++17";
				CLANG_CXX_LIBRARY = "libc++";
				CLANG_ENABLE_MODULES = YES;
				CLANG_ENABLE_OBJC_ARC = YES;
				CLANG_ENABLE_OBJC_WEAK = YES;
				CLANG_WARN_BLOCK_CAPTURE_AUTORELEASING = YES;
				CLANG_WARN_BOOL_CONVERSION = YES;
				CLANG_WARN_COMMA = YES;
				CLANG_WARN_CONSTANT_CONVERSION = YES;
				CLANG_WARN_DEPRECATED_OBJC_IMPLEMENTATIONS = YES;
				CLANG_WARN_DIRECT_OBJC_ISA_USAGE = YES_ERROR;
				CLANG_WARN_DOCUMENTATION_COMMENTS = YES;
				CLANG_WARN_EMPTY_BODY = YES;
				CLANG_WARN_ENUM_CONVERSION = YES;
				CLANG_WARN_INFINITE_RECURSION = YES;
				CLANG_WARN_INT_CONVERSION = YES;
				CLANG_WARN_NON_LITERAL_NULL_CONVERSION = YES;
				CLANG_WARN_OBJC_IMPLICIT_RETAIN_SELF = YES;
				CLANG_WARN_OBJC_LITERAL_CONVERSION = YES;
				CLANG_WARN_OBJC_ROOT_CLASS = YES_ERROR;
				CLANG_WARN_QUOTED_INCLUDE_IN_FRAMEWORK_HEADER = YES;
				CLANG_WARN_RANGE_LOOP_ANALYSIS = YES;
				CLANG_WARN_STRICT_PROTOTYPES = YES;
				CLANG_WARN_SUSPICIOUS_MOVE = YES;
				CLANG_WARN_UNGUARDED_AVAILABILITY = YES_AGGRESSIVE;
				CLANG_WARN_UNREACHABLE_CODE = YES;
				CLANG_WARN__DUPLICATE_METHOD_MATCH = YES;
				COPY_PHASE_STRIP = NO;
				DEAD_CODE_STRIPPING = YES;
				DEBUG_INFORMATION_FORMAT = dwarf;
				ENABLE_STRICT_OBJC_MSGSEND = YES;
				ENABLE_TESTABILITY = YES;
				ENABLE_USER_SCRIPT_SANDBOXING = YES;
				GCC_C_LANGUAGE_STANDARD = gnu11;
				GCC_DYNAMIC_NO_PIC = NO;
				GCC_NO_COMMON_BLOCKS = YES;
				GCC_OPTIMIZATION_LEVEL = 0;
				GCC_PREPROCESSOR_DEFINITIONS = (
					"DEBUG=1",
					"$(inherited)",
				);
				GCC_WARN_64_TO_32_BIT_CONVERSION = YES;
				GCC_WARN_ABOUT_RETURN_TYPE = YES_ERROR;
				GCC_WARN_UNDECLARED_SELECTOR = YES;
				GCC_WARN_UNINITIALIZED_AUTOS = YES_AGGRESSIVE;
				GCC_WARN_UNUSED_FUNCTION = YES;
				GCC_WARN_UNUSED_VARIABLE = YES;
				MACOSX_DEPLOYMENT_TARGET = 13.0;
				MTL_ENABLE_DEBUG_INFO = INCLUDE_SOURCE;
				MTL_FAST_MATH = YES;
				ONLY_ACTIVE_ARCH = YES;
				SDKROOT = macosx;
				SWIFT_ACTIVE_COMPILATION_CONDITIONS = DEBUG;
				SWIFT_OPTIMIZATION_LEVEL = "-Onone";
			};
			name = Debug;
		};
		C4B0DAB5276BA4480015082A /* Release */ = {
			isa = XCBuildConfiguration;
			buildSettings = {
				ALWAYS_SEARCH_USER_PATHS = NO;
				CLANG_ANALYZER_NONNULL = YES;
				CLANG_ANALYZER_NUMBER_OBJECT_CONVERSION = YES_AGGRESSIVE;
				CLANG_CXX_LANGUAGE_STANDARD = "gnu++17";
				CLANG_CXX_LIBRARY = "libc++";
				CLANG_ENABLE_MODULES = YES;
				CLANG_ENABLE_OBJC_ARC = YES;
				CLANG_ENABLE_OBJC_WEAK = YES;
				CLANG_WARN_BLOCK_CAPTURE_AUTORELEASING = YES;
				CLANG_WARN_BOOL_CONVERSION = YES;
				CLANG_WARN_COMMA = YES;
				CLANG_WARN_CONSTANT_CONVERSION = YES;
				CLANG_WARN_DEPRECATED_OBJC_IMPLEMENTATIONS = YES;
				CLANG_WARN_DIRECT_OBJC_ISA_USAGE = YES_ERROR;
				CLANG_WARN_DOCUMENTATION_COMMENTS = YES;
				CLANG_WARN_EMPTY_BODY = YES;
				CLANG_WARN_ENUM_CONVERSION = YES;
				CLANG_WARN_INFINITE_RECURSION = YES;
				CLANG_WARN_INT_CONVERSION = YES;
				CLANG_WARN_NON_LITERAL_NULL_CONVERSION = YES;
				CLANG_WARN_OBJC_IMPLICIT_RETAIN_SELF = YES;
				CLANG_WARN_OBJC_LITERAL_CONVERSION = YES;
				CLANG_WARN_OBJC_ROOT_CLASS = YES_ERROR;
				CLANG_WARN_QUOTED_INCLUDE_IN_FRAMEWORK_HEADER = YES;
				CLANG_WARN_RANGE_LOOP_ANALYSIS = YES;
				CLANG_WARN_STRICT_PROTOTYPES = YES;
				CLANG_WARN_SUSPICIOUS_MOVE = YES;
				CLANG_WARN_UNGUARDED_AVAILABILITY = YES_AGGRESSIVE;
				CLANG_WARN_UNREACHABLE_CODE = YES;
				CLANG_WARN__DUPLICATE_METHOD_MATCH = YES;
				COPY_PHASE_STRIP = NO;
				DEAD_CODE_STRIPPING = YES;
				DEBUG_INFORMATION_FORMAT = "dwarf-with-dsym";
				ENABLE_NS_ASSERTIONS = NO;
				ENABLE_STRICT_OBJC_MSGSEND = YES;
				ENABLE_USER_SCRIPT_SANDBOXING = YES;
				GCC_C_LANGUAGE_STANDARD = gnu11;
				GCC_NO_COMMON_BLOCKS = YES;
				GCC_WARN_64_TO_32_BIT_CONVERSION = YES;
				GCC_WARN_ABOUT_RETURN_TYPE = YES_ERROR;
				GCC_WARN_UNDECLARED_SELECTOR = YES;
				GCC_WARN_UNINITIALIZED_AUTOS = YES_AGGRESSIVE;
				GCC_WARN_UNUSED_FUNCTION = YES;
				GCC_WARN_UNUSED_VARIABLE = YES;
				MACOSX_DEPLOYMENT_TARGET = 13.0;
				MTL_ENABLE_DEBUG_INFO = NO;
				MTL_FAST_MATH = YES;
				SDKROOT = macosx;
				SWIFT_COMPILATION_MODE = wholemodule;
				SWIFT_OPTIMIZATION_LEVEL = "-O";
			};
			name = Release;
		};
		C4B0DAB7276BA4480015082A /* Debug */ = {
			isa = XCBuildConfiguration;
			buildSettings = {
				ALWAYS_EMBED_SWIFT_STANDARD_LIBRARIES = YES;
				ASSETCATALOG_COMPILER_APPICON_NAME = AppIcon;
				ASSETCATALOG_COMPILER_GLOBAL_ACCENT_COLOR_NAME = AccentColor;
				CLANG_ENABLE_MODULES = YES;
				CODE_SIGN_ENTITLEMENTS = CaptureSample/CaptureSample.entitlements;
				CODE_SIGN_IDENTITY = "Apple Development";
				CODE_SIGN_STYLE = Automatic;
				COMBINE_HIDPI_IMAGES = YES;
				CURRENT_PROJECT_VERSION = 1;
				DEAD_CODE_STRIPPING = YES;
				DEVELOPMENT_ASSET_PATHS = "\"CaptureSample/Preview Content\"";
				DEVELOPMENT_TEAM = 6E383BMF5Y;
				ENABLE_HARDENED_RUNTIME = YES;
				ENABLE_PREVIEWS = YES;
				GENERATE_INFOPLIST_FILE = YES;
				INFOPLIST_FILE = "Record-Info.plist";
				INFOPLIST_KEY_CFBundleDisplayName = Record;
				INFOPLIST_KEY_NSHumanReadableCopyright = "";
				LD_RUNPATH_SEARCH_PATHS = (
					"$(inherited)",
					"@executable_path/../Frameworks",
				);
				MACOSX_DEPLOYMENT_TARGET = 13.0;
				MARKETING_VERSION = 1.0.1;
				OTHER_SWIFT_FLAGS = "";
				PRODUCT_BUNDLE_IDENTIFIER = com.jcm.Record;
				PRODUCT_NAME = "$(TARGET_NAME)";
				PROVISIONING_PROFILE_SPECIFIER = "";
				SWIFT_EMIT_LOC_STRINGS = YES;
				SWIFT_OPTIMIZATION_LEVEL = "-Onone";
				SWIFT_VERSION = 5.0;
			};
			name = Debug;
		};
		C4B0DAB8276BA4480015082A /* Release */ = {
			isa = XCBuildConfiguration;
			buildSettings = {
				ALWAYS_EMBED_SWIFT_STANDARD_LIBRARIES = YES;
				ASSETCATALOG_COMPILER_APPICON_NAME = AppIcon;
				ASSETCATALOG_COMPILER_GLOBAL_ACCENT_COLOR_NAME = AccentColor;
				CLANG_ENABLE_MODULES = YES;
				CODE_SIGN_ENTITLEMENTS = CaptureSample/CaptureSample.entitlements;
				CODE_SIGN_IDENTITY = "Apple Development";
				CODE_SIGN_STYLE = Automatic;
				COMBINE_HIDPI_IMAGES = YES;
				CURRENT_PROJECT_VERSION = 1;
				DEAD_CODE_STRIPPING = YES;
				DEVELOPMENT_ASSET_PATHS = "\"CaptureSample/Preview Content\"";
				DEVELOPMENT_TEAM = 6E383BMF5Y;
				ENABLE_HARDENED_RUNTIME = YES;
				ENABLE_PREVIEWS = YES;
				GENERATE_INFOPLIST_FILE = YES;
				INFOPLIST_FILE = "Record-Info.plist";
				INFOPLIST_KEY_CFBundleDisplayName = Record;
				INFOPLIST_KEY_NSHumanReadableCopyright = "";
				LD_RUNPATH_SEARCH_PATHS = (
					"$(inherited)",
					"@executable_path/../Frameworks",
				);
				MACOSX_DEPLOYMENT_TARGET = 13.0;
				MARKETING_VERSION = 1.0.1;
				OTHER_SWIFT_FLAGS = "";
				PRODUCT_BUNDLE_IDENTIFIER = com.jcm.Record;
				PRODUCT_NAME = "$(TARGET_NAME)";
				PROVISIONING_PROFILE_SPECIFIER = "";
				SWIFT_EMIT_LOC_STRINGS = YES;
				SWIFT_VERSION = 5.0;
			};
			name = Release;
		};
/* End XCBuildConfiguration section */

/* Begin XCConfigurationList section */
		0D69330B2B34B1850019368E /* Build configuration list for PBXNativeTarget "RecordCameraExtension" */ = {
			isa = XCConfigurationList;
			buildConfigurations = (
				0D6933092B34B1850019368E /* Debug */,
				0D69330A2B34B1850019368E /* Release */,
			);
			defaultConfigurationIsVisible = 0;
			defaultConfigurationName = Release;
		};
		C4B0DAA2276BA4460015082A /* Build configuration list for PBXProject "Record" */ = {
			isa = XCConfigurationList;
			buildConfigurations = (
				C4B0DAB4276BA4480015082A /* Debug */,
				C4B0DAB5276BA4480015082A /* Release */,
			);
			defaultConfigurationIsVisible = 0;
			defaultConfigurationName = Release;
		};
		C4B0DAB6276BA4480015082A /* Build configuration list for PBXNativeTarget "Record" */ = {
			isa = XCConfigurationList;
			buildConfigurations = (
				C4B0DAB7276BA4480015082A /* Debug */,
				C4B0DAB8276BA4480015082A /* Release */,
			);
			defaultConfigurationIsVisible = 0;
			defaultConfigurationName = Release;
		};
/* End XCConfigurationList section */
	};
	rootObject = C4B0DA9F276BA4460015082A /* Project object */;
}
